
Microsoft Visual Studio Solution File, Format Version 12.00
# Visual Studio Version 17
VisualStudioVersion = 17.3.32929.385
MinimumVisualStudioVersion = 10.0.40219.1
Project("{8BC9CEB8-8B4A-11D0-8D11-00A0C91BC942}") = "input_util", "input_util.vcxproj", "{B305EF02-49C2-4AA5-B955-E1F26D526690}"
EndProject
Global
	GlobalSection(SolutionConfigurationPlatforms) = preSolution
		Debug|x64 = Debug|x64
		Debug|x86 = Debug|x86
		Release|x64 = Release|x64
		Release|x86 = Release|x86
	EndGlobalSection
	GlobalSection(ProjectConfigurationPlatforms) = postSolution
		{B305EF02-49C2-4AA5-B955-E1F26D526690}.Debug|x64.ActiveCfg = Debug|x64
		{B305EF02-49C2-4AA5-B955-E1F26D526690}.Debug|x64.Build.0 = Debug|x64
		{B305EF02-49C2-4AA5-B955-E1F26D526690}.Debug|x86.ActiveCfg = Debug|Win32
		{B305EF02-49C2-4AA5-B955-E1F26D526690}.Debug|x86.Build.0 = Debug|Win32
		{B305EF02-49C2-4AA5-B955-E1F26D526690}.Release|x64.ActiveCfg = Release|x64
		{B305EF02-49C2-4AA5-B955-E1F26D526690}.Release|x64.Build.0 = Release|x64
		{B305EF02-49C2-4AA5-B955-E1F26D526690}.Release|x86.ActiveCfg = Release|Win32
		{B305EF02-49C2-4AA5-B955-E1F26D526690}.Release|x86.Build.0 = Release|Win32
	EndGlobalSection
	GlobalSection(SolutionProperties) = preSolution
		HideSolutionNode = FALSE
	EndGlobalSection
	GlobalSection(ExtensibilityGlobals) = postSolution
		SolutionGuid = {228BD79D-E75A-457E-8DA9-9F6839933241}
	EndGlobalSection
EndGlobal
